// !$*UTF8*$!
{
	archiveVersion = 1;
	classes = {
	};
	objectVersion = 46;
	objects = {

/* Begin PBXBuildFile section */
		6314F12F19648F98009C50AF /* Foundation.framework in Frameworks */ = {isa = PBXBuildFile; fileRef = 6314F12E19648F98009C50AF /* Foundation.framework */; };
		6314F13119648F98009C50AF /* CoreGraphics.framework in Frameworks */ = {isa = PBXBuildFile; fileRef = 6314F13019648F98009C50AF /* CoreGraphics.framework */; };
		6314F13319648F98009C50AF /* UIKit.framework in Frameworks */ = {isa = PBXBuildFile; fileRef = 6314F13219648F98009C50AF /* UIKit.framework */; };
		6314F13919648F98009C50AF /* InfoPlist.strings in Resources */ = {isa = PBXBuildFile; fileRef = 6314F13719648F98009C50AF /* InfoPlist.strings */; };
		6314F13B19648F98009C50AF /* main.m in Sources */ = {isa = PBXBuildFile; fileRef = 6314F13A19648F98009C50AF /* main.m */; };
		6314F13F19648F98009C50AF /* AppDelegate.m in Sources */ = {isa = PBXBuildFile; fileRef = 6314F13E19648F98009C50AF /* AppDelegate.m */; };
		6314F14219648F98009C50AF /* Main.storyboard in Resources */ = {isa = PBXBuildFile; fileRef = 6314F14019648F98009C50AF /* Main.storyboard */; };
		6314F14519648F98009C50AF /* ViewController.m in Sources */ = {isa = PBXBuildFile; fileRef = 6314F14419648F98009C50AF /* ViewController.m */; };
		6314F14719648F98009C50AF /* Images.xcassets in Resources */ = {isa = PBXBuildFile; fileRef = 6314F14619648F98009C50AF /* Images.xcassets */; };
		6314F14E19648F98009C50AF /* XCTest.framework in Frameworks */ = {isa = PBXBuildFile; fileRef = 6314F14D19648F98009C50AF /* XCTest.framework */; };
		6314F14F19648F98009C50AF /* Foundation.framework in Frameworks */ = {isa = PBXBuildFile; fileRef = 6314F12E19648F98009C50AF /* Foundation.framework */; };
		6314F15019648F98009C50AF /* UIKit.framework in Frameworks */ = {isa = PBXBuildFile; fileRef = 6314F13219648F98009C50AF /* UIKit.framework */; };
		6314F15819648F98009C50AF /* InfoPlist.strings in Resources */ = {isa = PBXBuildFile; fileRef = 6314F15619648F98009C50AF /* InfoPlist.strings */; };
		6314F15A19648F98009C50AF /* FormTests.m in Sources */ = {isa = PBXBuildFile; fileRef = 6314F15919648F98009C50AF /* FormTests.m */; };
		6314F16619648FCF009C50AF /* Form.m in Sources */ = {isa = PBXBuildFile; fileRef = 6314F16519648FCF009C50AF /* Form.m */; };
		6314F16D19649E62009C50AF /* SingleFormFieldData.m in Sources */ = {isa = PBXBuildFile; fileRef = 6314F16C19649E62009C50AF /* SingleFormFieldData.m */; };
		6314F17019649EDD009C50AF /* MultiFormFieldData.m in Sources */ = {isa = PBXBuildFile; fileRef = 6314F16F19649EDD009C50AF /* MultiFormFieldData.m */; };
		6314F1741964A55C009C50AF /* TextFormField.m in Sources */ = {isa = PBXBuildFile; fileRef = 6314F1731964A55C009C50AF /* TextFormField.m */; };
		6314F1771964A89C009C50AF /* Person.m in Sources */ = {isa = PBXBuildFile; fileRef = 6314F1761964A89C009C50AF /* Person.m */; };
		6314F17A1964AF7E009C50AF /* MultiFormField.m in Sources */ = {isa = PBXBuildFile; fileRef = 6314F1791964AF7E009C50AF /* MultiFormField.m */; };
/* End PBXBuildFile section */

/* Begin PBXContainerItemProxy section */
		6314F15119648F98009C50AF /* PBXContainerItemProxy */ = {
			isa = PBXContainerItemProxy;
			containerPortal = 6314F12319648F98009C50AF /* Project object */;
			proxyType = 1;
			remoteGlobalIDString = 6314F12A19648F98009C50AF;
			remoteInfo = Form;
		};
/* End PBXContainerItemProxy section */

/* Begin PBXFileReference section */
		6314F12B19648F98009C50AF /* Form.app */ = {isa = PBXFileReference; explicitFileType = wrapper.application; includeInIndex = 0; path = Form.app; sourceTree = BUILT_PRODUCTS_DIR; };
		6314F12E19648F98009C50AF /* Foundation.framework */ = {isa = PBXFileReference; lastKnownFileType = wrapper.framework; name = Foundation.framework; path = System/Library/Frameworks/Foundation.framework; sourceTree = SDKROOT; };
		6314F13019648F98009C50AF /* CoreGraphics.framework */ = {isa = PBXFileReference; lastKnownFileType = wrapper.framework; name = CoreGraphics.framework; path = System/Library/Frameworks/CoreGraphics.framework; sourceTree = SDKROOT; };
		6314F13219648F98009C50AF /* UIKit.framework */ = {isa = PBXFileReference; lastKnownFileType = wrapper.framework; name = UIKit.framework; path = System/Library/Frameworks/UIKit.framework; sourceTree = SDKROOT; };
		6314F13619648F98009C50AF /* Form-Info.plist */ = {isa = PBXFileReference; lastKnownFileType = text.plist.xml; path = "Form-Info.plist"; sourceTree = "<group>"; };
		6314F13819648F98009C50AF /* en */ = {isa = PBXFileReference; lastKnownFileType = text.plist.strings; name = en; path = en.lproj/InfoPlist.strings; sourceTree = "<group>"; };
		6314F13A19648F98009C50AF /* main.m */ = {isa = PBXFileReference; lastKnownFileType = sourcecode.c.objc; path = main.m; sourceTree = "<group>"; };
		6314F13C19648F98009C50AF /* Form-Prefix.pch */ = {isa = PBXFileReference; lastKnownFileType = sourcecode.c.h; path = "Form-Prefix.pch"; sourceTree = "<group>"; };
		6314F13D19648F98009C50AF /* AppDelegate.h */ = {isa = PBXFileReference; lastKnownFileType = sourcecode.c.h; path = AppDelegate.h; sourceTree = "<group>"; };
		6314F13E19648F98009C50AF /* AppDelegate.m */ = {isa = PBXFileReference; lastKnownFileType = sourcecode.c.objc; path = AppDelegate.m; sourceTree = "<group>"; };
		6314F14119648F98009C50AF /* Base */ = {isa = PBXFileReference; lastKnownFileType = file.storyboard; name = Base; path = Base.lproj/Main.storyboard; sourceTree = "<group>"; };
		6314F14319648F98009C50AF /* ViewController.h */ = {isa = PBXFileReference; lastKnownFileType = sourcecode.c.h; path = ViewController.h; sourceTree = "<group>"; };
		6314F14419648F98009C50AF /* ViewController.m */ = {isa = PBXFileReference; lastKnownFileType = sourcecode.c.objc; path = ViewController.m; sourceTree = "<group>"; };
		6314F14619648F98009C50AF /* Images.xcassets */ = {isa = PBXFileReference; lastKnownFileType = folder.assetcatalog; path = Images.xcassets; sourceTree = "<group>"; };
		6314F14C19648F98009C50AF /* FormTests.xctest */ = {isa = PBXFileReference; explicitFileType = wrapper.cfbundle; includeInIndex = 0; path = FormTests.xctest; sourceTree = BUILT_PRODUCTS_DIR; };
		6314F14D19648F98009C50AF /* XCTest.framework */ = {isa = PBXFileReference; lastKnownFileType = wrapper.framework; name = XCTest.framework; path = Library/Frameworks/XCTest.framework; sourceTree = DEVELOPER_DIR; };
		6314F15519648F98009C50AF /* FormTests-Info.plist */ = {isa = PBXFileReference; lastKnownFileType = text.plist.xml; path = "FormTests-Info.plist"; sourceTree = "<group>"; };
		6314F15719648F98009C50AF /* en */ = {isa = PBXFileReference; lastKnownFileType = text.plist.strings; name = en; path = en.lproj/InfoPlist.strings; sourceTree = "<group>"; };
		6314F15919648F98009C50AF /* FormTests.m */ = {isa = PBXFileReference; lastKnownFileType = sourcecode.c.objc; path = FormTests.m; sourceTree = "<group>"; };
		6314F16419648FCF009C50AF /* Form.h */ = {isa = PBXFileReference; fileEncoding = 4; lastKnownFileType = sourcecode.c.h; path = Form.h; sourceTree = "<group>"; };
		6314F16519648FCF009C50AF /* Form.m */ = {isa = PBXFileReference; fileEncoding = 4; lastKnownFileType = sourcecode.c.objc; path = Form.m; sourceTree = "<group>"; };
		6314F16A19649E4A009C50AF /* FormFieldData.h */ = {isa = PBXFileReference; lastKnownFileType = sourcecode.c.h; path = FormFieldData.h; sourceTree = "<group>"; };
		6314F16B19649E62009C50AF /* SingleFormFieldData.h */ = {isa = PBXFileReference; fileEncoding = 4; lastKnownFileType = sourcecode.c.h; path = SingleFormFieldData.h; sourceTree = "<group>"; };
		6314F16C19649E62009C50AF /* SingleFormFieldData.m */ = {isa = PBXFileReference; fileEncoding = 4; lastKnownFileType = sourcecode.c.objc; path = SingleFormFieldData.m; sourceTree = "<group>"; };
		6314F16E19649EDD009C50AF /* MultiFormFieldData.h */ = {isa = PBXFileReference; fileEncoding = 4; lastKnownFileType = sourcecode.c.h; path = MultiFormFieldData.h; sourceTree = "<group>"; };
		6314F16F19649EDD009C50AF /* MultiFormFieldData.m */ = {isa = PBXFileReference; fileEncoding = 4; lastKnownFileType = sourcecode.c.objc; path = MultiFormFieldData.m; sourceTree = "<group>"; };
		6314F17119649EF3009C50AF /* FormField.h */ = {isa = PBXFileReference; lastKnownFileType = sourcecode.c.h; path = FormField.h; sourceTree = "<group>"; };
		6314F1721964A55C009C50AF /* TextFormField.h */ = {isa = PBXFileReference; fileEncoding = 4; lastKnownFileType = sourcecode.c.h; path = TextFormField.h; sourceTree = "<group>"; };
		6314F1731964A55C009C50AF /* TextFormField.m */ = {isa = PBXFileReference; fileEncoding = 4; lastKnownFileType = sourcecode.c.objc; path = TextFormField.m; sourceTree = "<group>"; };
		6314F1751964A89C009C50AF /* Person.h */ = {isa = PBXFileReference; fileEncoding = 4; lastKnownFileType = sourcecode.c.h; path = Person.h; sourceTree = "<group>"; };
		6314F1761964A89C009C50AF /* Person.m */ = {isa = PBXFileReference; fileEncoding = 4; lastKnownFileType = sourcecode.c.objc; path = Person.m; sourceTree = "<group>"; };
		6314F1781964AF7E009C50AF /* MultiFormField.h */ = {isa = PBXFileReference; fileEncoding = 4; lastKnownFileType = sourcecode.c.h; path = MultiFormField.h; sourceTree = "<group>"; };
		6314F1791964AF7E009C50AF /* MultiFormField.m */ = {isa = PBXFileReference; fileEncoding = 4; lastKnownFileType = sourcecode.c.objc; path = MultiFormField.m; sourceTree = "<group>"; };
/* End PBXFileReference section */

/* Begin PBXFrameworksBuildPhase section */
		6314F12819648F98009C50AF /* Frameworks */ = {
			isa = PBXFrameworksBuildPhase;
			buildActionMask = 2147483647;
			files = (
				6314F13119648F98009C50AF /* CoreGraphics.framework in Frameworks */,
				6314F13319648F98009C50AF /* UIKit.framework in Frameworks */,
				6314F12F19648F98009C50AF /* Foundation.framework in Frameworks */,
			);
			runOnlyForDeploymentPostprocessing = 0;
		};
		6314F14919648F98009C50AF /* Frameworks */ = {
			isa = PBXFrameworksBuildPhase;
			buildActionMask = 2147483647;
			files = (
				6314F14E19648F98009C50AF /* XCTest.framework in Frameworks */,
				6314F15019648F98009C50AF /* UIKit.framework in Frameworks */,
				6314F14F19648F98009C50AF /* Foundation.framework in Frameworks */,
			);
			runOnlyForDeploymentPostprocessing = 0;
		};
/* End PBXFrameworksBuildPhase section */

/* Begin PBXGroup section */
		6314F12219648F98009C50AF = {
			isa = PBXGroup;
			children = (
				6314F13419648F98009C50AF /* Form */,
				6314F15319648F98009C50AF /* FormTests */,
				6314F12D19648F98009C50AF /* Frameworks */,
				6314F12C19648F98009C50AF /* Products */,
			);
			sourceTree = "<group>";
		};
		6314F12C19648F98009C50AF /* Products */ = {
			isa = PBXGroup;
			children = (
				6314F12B19648F98009C50AF /* Form.app */,
				6314F14C19648F98009C50AF /* FormTests.xctest */,
			);
			name = Products;
			sourceTree = "<group>";
		};
		6314F12D19648F98009C50AF /* Frameworks */ = {
			isa = PBXGroup;
			children = (
				6314F12E19648F98009C50AF /* Foundation.framework */,
				6314F13019648F98009C50AF /* CoreGraphics.framework */,
				6314F13219648F98009C50AF /* UIKit.framework */,
				6314F14D19648F98009C50AF /* XCTest.framework */,
			);
			name = Frameworks;
			sourceTree = "<group>";
		};
		6314F13419648F98009C50AF /* Form */ = {
			isa = PBXGroup;
			children = (
				6314F16319648FB3009C50AF /* Form */,
				6314F13D19648F98009C50AF /* AppDelegate.h */,
				6314F13E19648F98009C50AF /* AppDelegate.m */,
				6314F14019648F98009C50AF /* Main.storyboard */,
				6314F14319648F98009C50AF /* ViewController.h */,
				6314F14419648F98009C50AF /* ViewController.m */,
				6314F14619648F98009C50AF /* Images.xcassets */,
				6314F13519648F98009C50AF /* Supporting Files */,
				6314F1721964A55C009C50AF /* TextFormField.h */,
				6314F1731964A55C009C50AF /* TextFormField.m */,
				6314F1781964AF7E009C50AF /* MultiFormField.h */,
				6314F1791964AF7E009C50AF /* MultiFormField.m */,
				6314F1751964A89C009C50AF /* Person.h */,
				6314F1761964A89C009C50AF /* Person.m */,
			);
			path = Form;
			sourceTree = "<group>";
		};
		6314F13519648F98009C50AF /* Supporting Files */ = {
			isa = PBXGroup;
			children = (
				6314F13619648F98009C50AF /* Form-Info.plist */,
				6314F13719648F98009C50AF /* InfoPlist.strings */,
				6314F13A19648F98009C50AF /* main.m */,
				6314F13C19648F98009C50AF /* Form-Prefix.pch */,
			);
			name = "Supporting Files";
			sourceTree = "<group>";
		};
		6314F15319648F98009C50AF /* FormTests */ = {
			isa = PBXGroup;
			children = (
				6314F15919648F98009C50AF /* FormTests.m */,
				6314F15419648F98009C50AF /* Supporting Files */,
			);
			path = FormTests;
			sourceTree = "<group>";
		};
		6314F15419648F98009C50AF /* Supporting Files */ = {
			isa = PBXGroup;
			children = (
				6314F15519648F98009C50AF /* FormTests-Info.plist */,
				6314F15619648F98009C50AF /* InfoPlist.strings */,
			);
			name = "Supporting Files";
			sourceTree = "<group>";
		};
		6314F16319648FB3009C50AF /* Form */ = {
			isa = PBXGroup;
			children = (
				6314F16419648FCF009C50AF /* Form.h */,
				6314F16519648FCF009C50AF /* Form.m */,
				6314F16A19649E4A009C50AF /* FormFieldData.h */,
				6314F17119649EF3009C50AF /* FormField.h */,
				6314F16B19649E62009C50AF /* SingleFormFieldData.h */,
				6314F16C19649E62009C50AF /* SingleFormFieldData.m */,
				6314F16E19649EDD009C50AF /* MultiFormFieldData.h */,
				6314F16F19649EDD009C50AF /* MultiFormFieldData.m */,
			);
			path = Form;
			sourceTree = "<group>";
		};
/* End PBXGroup section */

/* Begin PBXNativeTarget section */
		6314F12A19648F98009C50AF /* Form */ = {
			isa = PBXNativeTarget;
			buildConfigurationList = 6314F15D19648F98009C50AF /* Build configuration list for PBXNativeTarget "Form" */;
			buildPhases = (
				6314F12719648F98009C50AF /* Sources */,
				6314F12819648F98009C50AF /* Frameworks */,
				6314F12919648F98009C50AF /* Resources */,
			);
			buildRules = (
			);
			dependencies = (
			);
			name = Form;
			productName = Form;
			productReference = 6314F12B19648F98009C50AF /* Form.app */;
			productType = "com.apple.product-type.application";
		};
		6314F14B19648F98009C50AF /* FormTests */ = {
			isa = PBXNativeTarget;
			buildConfigurationList = 6314F16019648F98009C50AF /* Build configuration list for PBXNativeTarget "FormTests" */;
			buildPhases = (
				6314F14819648F98009C50AF /* Sources */,
				6314F14919648F98009C50AF /* Frameworks */,
				6314F14A19648F98009C50AF /* Resources */,
			);
			buildRules = (
			);
			dependencies = (
				6314F15219648F98009C50AF /* PBXTargetDependency */,
			);
			name = FormTests;
			productName = FormTests;
			productReference = 6314F14C19648F98009C50AF /* FormTests.xctest */;
			productType = "com.apple.product-type.bundle.unit-test";
		};
/* End PBXNativeTarget section */

/* Begin PBXProject section */
		6314F12319648F98009C50AF /* Project object */ = {
			isa = PBXProject;
			attributes = {
				LastUpgradeCheck = 0510;
				ORGANIZATIONNAME = "Alex Antonyuk";
				TargetAttributes = {
					6314F14B19648F98009C50AF = {
						TestTargetID = 6314F12A19648F98009C50AF;
					};
				};
			};
			buildConfigurationList = 6314F12619648F98009C50AF /* Build configuration list for PBXProject "Form" */;
			compatibilityVersion = "Xcode 3.2";
			developmentRegion = English;
			hasScannedForEncodings = 0;
			knownRegions = (
				en,
				Base,
			);
			mainGroup = 6314F12219648F98009C50AF;
			productRefGroup = 6314F12C19648F98009C50AF /* Products */;
			projectDirPath = "";
			projectRoot = "";
			targets = (
				6314F12A19648F98009C50AF /* Form */,
				6314F14B19648F98009C50AF /* FormTests */,
			);
		};
/* End PBXProject section */

/* Begin PBXResourcesBuildPhase section */
		6314F12919648F98009C50AF /* Resources */ = {
			isa = PBXResourcesBuildPhase;
			buildActionMask = 2147483647;
			files = (
				6314F14719648F98009C50AF /* Images.xcassets in Resources */,
				6314F13919648F98009C50AF /* InfoPlist.strings in Resources */,
				6314F14219648F98009C50AF /* Main.storyboard in Resources */,
			);
			runOnlyForDeploymentPostprocessing = 0;
		};
		6314F14A19648F98009C50AF /* Resources */ = {
			isa = PBXResourcesBuildPhase;
			buildActionMask = 2147483647;
			files = (
				6314F15819648F98009C50AF /* InfoPlist.strings in Resources */,
			);
			runOnlyForDeploymentPostprocessing = 0;
		};
/* End PBXResourcesBuildPhase section */

/* Begin PBXSourcesBuildPhase section */
		6314F12719648F98009C50AF /* Sources */ = {
			isa = PBXSourcesBuildPhase;
			buildActionMask = 2147483647;
			files = (
				6314F17019649EDD009C50AF /* MultiFormFieldData.m in Sources */,
				6314F14519648F98009C50AF /* ViewController.m in Sources */,
				6314F17A1964AF7E009C50AF /* MultiFormField.m in Sources */,
				6314F1771964A89C009C50AF /* Person.m in Sources */,
				6314F1741964A55C009C50AF /* TextFormField.m in Sources */,
				6314F16619648FCF009C50AF /* Form.m in Sources */,
				6314F16D19649E62009C50AF /* SingleFormFieldData.m in Sources */,
				6314F13F19648F98009C50AF /* AppDelegate.m in Sources */,
				6314F13B19648F98009C50AF /* main.m in Sources */,
			);
			runOnlyForDeploymentPostprocessing = 0;
		};
		6314F14819648F98009C50AF /* Sources */ = {
			isa = PBXSourcesBuildPhase;
			buildActionMask = 2147483647;
			files = (
				6314F15A19648F98009C50AF /* FormTests.m in Sources */,
			);
			runOnlyForDeploymentPostprocessing = 0;
		};
/* End PBXSourcesBuildPhase section */

/* Begin PBXTargetDependency section */
		6314F15219648F98009C50AF /* PBXTargetDependency */ = {
			isa = PBXTargetDependency;
			target = 6314F12A19648F98009C50AF /* Form */;
			targetProxy = 6314F15119648F98009C50AF /* PBXContainerItemProxy */;
		};
/* End PBXTargetDependency section */

/* Begin PBXVariantGroup section */
		6314F13719648F98009C50AF /* InfoPlist.strings */ = {
			isa = PBXVariantGroup;
			children = (
				6314F13819648F98009C50AF /* en */,
			);
			name = InfoPlist.strings;
			sourceTree = "<group>";
		};
		6314F14019648F98009C50AF /* Main.storyboard */ = {
			isa = PBXVariantGroup;
			children = (
				6314F14119648F98009C50AF /* Base */,
			);
			name = Main.storyboard;
			sourceTree = "<group>";
		};
		6314F15619648F98009C50AF /* InfoPlist.strings */ = {
			isa = PBXVariantGroup;
			children = (
				6314F15719648F98009C50AF /* en */,
			);
			name = InfoPlist.strings;
			sourceTree = "<group>";
		};
/* End PBXVariantGroup section */

/* Begin XCBuildConfiguration section */
		6314F15B19648F98009C50AF /* Debug */ = {
			isa = XCBuildConfiguration;
			buildSettings = {
				ALWAYS_SEARCH_USER_PATHS = NO;
				CLANG_CXX_LANGUAGE_STANDARD = "gnu++0x";
				CLANG_CXX_LIBRARY = "libc++";
				CLANG_ENABLE_MODULES = YES;
				CLANG_ENABLE_OBJC_ARC = YES;
				CLANG_WARN_BOOL_CONVERSION = YES;
				CLANG_WARN_CONSTANT_CONVERSION = YES;
				CLANG_WARN_DIRECT_OBJC_ISA_USAGE = YES_ERROR;
				CLANG_WARN_EMPTY_BODY = YES;
				CLANG_WARN_ENUM_CONVERSION = YES;
				CLANG_WARN_INT_CONVERSION = YES;
				CLANG_WARN_OBJC_ROOT_CLASS = YES_ERROR;
				CLANG_WARN__DUPLICATE_METHOD_MATCH = YES;
				"CODE_SIGN_IDENTITY[sdk=iphoneos*]" = "iPhone Developer";
				COPY_PHASE_STRIP = NO;
				GCC_C_LANGUAGE_STANDARD = gnu99;
				GCC_DYNAMIC_NO_PIC = NO;
				GCC_OPTIMIZATION_LEVEL = 0;
				GCC_PREPROCESSOR_DEFINITIONS = (
					"DEBUG=1",
					"$(inherited)",
				);
				GCC_SYMBOLS_PRIVATE_EXTERN = NO;
				GCC_WARN_64_TO_32_BIT_CONVERSION = YES;
				GCC_WARN_ABOUT_RETURN_TYPE = YES_ERROR;
				GCC_WARN_UNDECLARED_SELECTOR = YES;
				GCC_WARN_UNINITIALIZED_AUTOS = YES_AGGRESSIVE;
				GCC_WARN_UNUSED_FUNCTION = YES;
				GCC_WARN_UNUSED_VARIABLE = YES;
				IPHONEOS_DEPLOYMENT_TARGET = 7.1;
				ONLY_ACTIVE_ARCH = YES;
				SDKROOT = iphoneos;
			};
			name = Debug;
		};
		6314F15C19648F98009C50AF /* Release */ = {
			isa = XCBuildConfiguration;
			buildSettings = {
				ALWAYS_SEARCH_USER_PATHS = NO;
				CLANG_CXX_LANGUAGE_STANDARD = "gnu++0x";
				CLANG_CXX_LIBRARY = "libc++";
				CLANG_ENABLE_MODULES = YES;
				CLANG_ENABLE_OBJC_ARC = YES;
				CLANG_WARN_BOOL_CONVERSION = YES;
				CLANG_WARN_CONSTANT_CONVERSION = YES;
				CLANG_WARN_DIRECT_OBJC_ISA_USAGE = YES_ERROR;
				CLANG_WARN_EMPTY_BODY = YES;
				CLANG_WARN_ENUM_CONVERSION = YES;
				CLANG_WARN_INT_CONVERSION = YES;
				CLANG_WARN_OBJC_ROOT_CLASS = YES_ERROR;
				CLANG_WARN__DUPLICATE_METHOD_MATCH = YES;
				"CODE_SIGN_IDENTITY[sdk=iphoneos*]" = "iPhone Developer";
				COPY_PHASE_STRIP = YES;
				ENABLE_NS_ASSERTIONS = NO;
				GCC_C_LANGUAGE_STANDARD = gnu99;
				GCC_WARN_64_TO_32_BIT_CONVERSION = YES;
				GCC_WARN_ABOUT_RETURN_TYPE = YES_ERROR;
				GCC_WARN_UNDECLARED_SELECTOR = YES;
				GCC_WARN_UNINITIALIZED_AUTOS = YES_AGGRESSIVE;
				GCC_WARN_UNUSED_FUNCTION = YES;
				GCC_WARN_UNUSED_VARIABLE = YES;
				IPHONEOS_DEPLOYMENT_TARGET = 7.1;
				SDKROOT = iphoneos;
				VALIDATE_PRODUCT = YES;
			};
			name = Release;
		};
		6314F15E19648F98009C50AF /* Debug */ = {
			isa = XCBuildConfiguration;
			buildSettings = {
				ASSETCATALOG_COMPILER_APPICON_NAME = AppIcon;
				ASSETCATALOG_COMPILER_LAUNCHIMAGE_NAME = LaunchImage;
				GCC_PRECOMPILE_PREFIX_HEADER = YES;
				GCC_PREFIX_HEADER = "Form/Form-Prefix.pch";
				INFOPLIST_FILE = "Form/Form-Info.plist";
				PRODUCT_NAME = "$(TARGET_NAME)";
				WRAPPER_EXTENSION = app;
			};
			name = Debug;
		};
		6314F15F19648F98009C50AF /* Release */ = {
			isa = XCBuildConfiguration;
			buildSettings = {
				ASSETCATALOG_COMPILER_APPICON_NAME = AppIcon;
				ASSETCATALOG_COMPILER_LAUNCHIMAGE_NAME = LaunchImage;
				GCC_PRECOMPILE_PREFIX_HEADER = YES;
				GCC_PREFIX_HEADER = "Form/Form-Prefix.pch";
				INFOPLIST_FILE = "Form/Form-Info.plist";
				PRODUCT_NAME = "$(TARGET_NAME)";
				WRAPPER_EXTENSION = app;
			};
			name = Release;
		};
		6314F16119648F98009C50AF /* Debug */ = {
			isa = XCBuildConfiguration;
			buildSettings = {
				BUNDLE_LOADER = "$(BUILT_PRODUCTS_DIR)/Form.app/Form";
				FRAMEWORK_SEARCH_PATHS = (
					"$(SDKROOT)/Developer/Library/Frameworks",
					"$(inherited)",
					"$(DEVELOPER_FRAMEWORKS_DIR)",
				);
				GCC_PRECOMPILE_PREFIX_HEADER = YES;
				GCC_PREFIX_HEADER = "Form/Form-Prefix.pch";
				GCC_PREPROCESSOR_DEFINITIONS = (
					"DEBUG=1",
					"$(inherited)",
				);
				INFOPLIST_FILE = "FormTests/FormTests-Info.plist";
				PRODUCT_NAME = "$(TARGET_NAME)";
				TEST_HOST = "$(BUNDLE_LOADER)";
				WRAPPER_EXTENSION = xctest;
			};
			name = Debug;
		};
		6314F16219648F98009C50AF /* Release */ = {
			isa = XCBuildConfiguration;
			buildSettings = {
				BUNDLE_LOADER = "$(BUILT_PRODUCTS_DIR)/Form.app/Form";
				FRAMEWORK_SEARCH_PATHS = (
					"$(SDKROOT)/Developer/Library/Frameworks",
					"$(inherited)",
					"$(DEVELOPER_FRAMEWORKS_DIR)",
				);
				GCC_PRECOMPILE_PREFIX_HEADER = YES;
				GCC_PREFIX_HEADER = "Form/Form-Prefix.pch";
				INFOPLIST_FILE = "FormTests/FormTests-Info.plist";
				PRODUCT_NAME = "$(TARGET_NAME)";
				TEST_HOST = "$(BUNDLE_LOADER)";
				WRAPPER_EXTENSION = xctest;
			};
			name = Release;
		};
/* End XCBuildConfiguration section */

/* Begin XCConfigurationList section */
		6314F12619648F98009C50AF /* Build configuration list for PBXProject "Form" */ = {
			isa = XCConfigurationList;
			buildConfigurations = (
				6314F15B19648F98009C50AF /* Debug */,
				6314F15C19648F98009C50AF /* Release */,
			);
			defaultConfigurationIsVisible = 0;
			defaultConfigurationName = Release;
		};
		6314F15D19648F98009C50AF /* Build configuration list for PBXNativeTarget "Form" */ = {
			isa = XCConfigurationList;
			buildConfigurations = (
				6314F15E19648F98009C50AF /* Debug */,
				6314F15F19648F98009C50AF /* Release */,
			);
			defaultConfigurationIsVisible = 0;
		};
		6314F16019648F98009C50AF /* Build configuration list for PBXNativeTarget "FormTests" */ = {
			isa = XCConfigurationList;
			buildConfigurations = (
				6314F16119648F98009C50AF /* Debug */,
				6314F16219648F98009C50AF /* Release */,
			);
			defaultConfigurationIsVisible = 0;
		};
/* End XCConfigurationList section */
	};
	rootObject = 6314F12319648F98009C50AF /* Project object */;
}
